
Microsoft Visual Studio Solution File, Format Version 12.00
# Visual Studio 15
VisualStudioVersion = 15.0.27703.2018
MinimumVisualStudioVersion = 10.0.40219.1
Project("{FAE04EC0-301F-11D3-BF4B-00C04F79EFBC}") = "GoogleWebAuthenticator", "GoogleWebAuthenticator\GoogleWebAuthenticator.csproj", "{E4A4653A-E279-4D88-B678-CD66E4C4E9ED}"
EndProject
Global
	GlobalSection(SolutionConfigurationPlatforms) = preSolution
		Debug|Any CPU = Debug|Any CPU
		Release|Any CPU = Release|Any CPU
	EndGlobalSection
	GlobalSection(ProjectConfigurationPlatforms) = postSolution
		{E4A4653A-E279-4D88-B678-CD66E4C4E9ED}.Debug|Any CPU.ActiveCfg = Debug|Any CPU
		{E4A4653A-E279-4D88-B678-CD66E4C4E9ED}.Debug|Any CPU.Build.0 = Debug|Any CPU
		{E4A4653A-E279-4D88-B678-CD66E4C4E9ED}.Release|Any CPU.ActiveCfg = Release|Any CPU
		{E4A4653A-E279-4D88-B678-CD66E4C4E9ED}.Release|Any CPU.Build.0 = Release|Any CPU
	EndGlobalSection
	GlobalSection(SolutionProperties) = preSolution
		HideSolutionNode = FALSE
	EndGlobalSection
	GlobalSection(ExtensibilityGlobals) = postSolution
		SolutionGuid = {052DCE44-FE3C-40FD-B1A0-8CB49423E9DE}
	EndGlobalSection
EndGlobal
